# This file is automatically @generated by Cargo.
# It is not intended for manual editing.
version = 4

[[package]]
name = "arb-context"
version = "0.1.5"
dependencies = [
 "arb-storage",
]

[[package]]
name = "arb-reth"
version = "0.1.5"

[[package]]
name = "arb-spec-tests"
version = "0.1.5"

[[package]]
name = "arb-storage"
version = "0.1.5"
